// !$*UTF8*$!
{
	archiveVersion = 1;
	classes = {
	};
	objectVersion = 55;
	objects = {

/* Begin PBXBuildFile section */
		EB0FE3D22802C6C4005D6DBA /* supporting.swift in Sources */ = {isa = PBXBuildFile; fileRef = EB0FE3D12802C6C4005D6DBA /* supporting.swift */; };
		EB7EECF228AE269F00993EEF /* SimpleMVVMViewModel.swift in Sources */ = {isa = PBXBuildFile; fileRef = EB7EECF128AE269F00993EEF /* SimpleMVVMViewModel.swift */; };
		EB7EECF428AE26F100993EEF /* SimpleMVVMVC.swift in Sources */ = {isa = PBXBuildFile; fileRef = EB7EECF328AE26F100993EEF /* SimpleMVVMVC.swift */; };
		EB7EECF628AE27DD00993EEF /* ViewModelType.swift in Sources */ = {isa = PBXBuildFile; fileRef = EB7EECF528AE27DD00993EEF /* ViewModelType.swift */; };
		EB7FB47227F9A3B400675CED /* AppDelegate.swift in Sources */ = {isa = PBXBuildFile; fileRef = EB7FB47127F9A3B400675CED /* AppDelegate.swift */; };
		EB7FB47427F9A3B400675CED /* SceneDelegate.swift in Sources */ = {isa = PBXBuildFile; fileRef = EB7FB47327F9A3B400675CED /* SceneDelegate.swift */; };
		EB7FB47627F9A3B400675CED /* ViewController.swift in Sources */ = {isa = PBXBuildFile; fileRef = EB7FB47527F9A3B400675CED /* ViewController.swift */; };
		EB7FB47927F9A3B400675CED /* Main.storyboard in Resources */ = {isa = PBXBuildFile; fileRef = EB7FB47727F9A3B400675CED /* Main.storyboard */; };
		EB7FB47B27F9A3B600675CED /* Assets.xcassets in Resources */ = {isa = PBXBuildFile; fileRef = EB7FB47A27F9A3B600675CED /* Assets.xcassets */; };
		EB7FB47E27F9A3B600675CED /* LaunchScreen.storyboard in Resources */ = {isa = PBXBuildFile; fileRef = EB7FB47C27F9A3B600675CED /* LaunchScreen.storyboard */; };
		EB7FB4BA27F9AB3B00675CED /* SnapKit in Frameworks */ = {isa = PBXBuildFile; productRef = EB7FB4B927F9AB3B00675CED /* SnapKit */; };
		EB7FB4BD27F9AB8100675CED /* RxCocoa in Frameworks */ = {isa = PBXBuildFile; productRef = EB7FB4BC27F9AB8100675CED /* RxCocoa */; };
		EB7FB4BF27F9AB8100675CED /* RxRelay in Frameworks */ = {isa = PBXBuildFile; productRef = EB7FB4BE27F9AB8100675CED /* RxRelay */; };
		EB7FB4C127F9AB8100675CED /* RxSwift in Frameworks */ = {isa = PBXBuildFile; productRef = EB7FB4C027F9AB8100675CED /* RxSwift */; };
		EBBAEBC12817189300605E62 /* MergeSwitchLatestVC.swift in Sources */ = {isa = PBXBuildFile; fileRef = EBBAEBC02817189300605E62 /* MergeSwitchLatestVC.swift */; };
		EBBAEBC42817B5FF00605E62 /* TextFieldTestVC.swift in Sources */ = {isa = PBXBuildFile; fileRef = EBBAEBC32817B5FF00605E62 /* TextFieldTestVC.swift */; };
		EBBAEBC62817B60900605E62 /* TableViewTestVC.swift in Sources */ = {isa = PBXBuildFile; fileRef = EBBAEBC52817B60900605E62 /* TableViewTestVC.swift */; };
		EBBAEBC82817B61D00605E62 /* CollectionViewTestVC.swift in Sources */ = {isa = PBXBuildFile; fileRef = EBBAEBC72817B61D00605E62 /* CollectionViewTestVC.swift */; };
		EBBAEBCA2817B66C00605E62 /* ProgressViewTestVC.swift in Sources */ = {isa = PBXBuildFile; fileRef = EBBAEBC92817B66C00605E62 /* ProgressViewTestVC.swift */; };
		EBBAEBCC2817B67200605E62 /* ButtonTestVC.swift in Sources */ = {isa = PBXBuildFile; fileRef = EBBAEBCB2817B67200605E62 /* ButtonTestVC.swift */; };
/* End PBXBuildFile section */

/* Begin PBXFileReference section */
		EB0FE3D02802C687005D6DBA /* RxPlayground.playground */ = {isa = PBXFileReference; lastKnownFileType = file.playground; path = RxPlayground.playground; sourceTree = "<group>"; xcLanguageSpecificationIdentifier = xcode.lang.swift; };
		EB0FE3D12802C6C4005D6DBA /* supporting.swift */ = {isa = PBXFileReference; lastKnownFileType = sourcecode.swift; path = supporting.swift; sourceTree = "<group>"; };
		EB7EECF128AE269F00993EEF /* SimpleMVVMViewModel.swift */ = {isa = PBXFileReference; lastKnownFileType = sourcecode.swift; path = SimpleMVVMViewModel.swift; sourceTree = "<group>"; };
		EB7EECF328AE26F100993EEF /* SimpleMVVMVC.swift */ = {isa = PBXFileReference; lastKnownFileType = sourcecode.swift; path = SimpleMVVMVC.swift; sourceTree = "<group>"; };
		EB7EECF528AE27DD00993EEF /* ViewModelType.swift */ = {isa = PBXFileReference; lastKnownFileType = sourcecode.swift; path = ViewModelType.swift; sourceTree = "<group>"; };
		EB7FB46E27F9A3B400675CED /* RXPractice.app */ = {isa = PBXFileReference; explicitFileType = wrapper.application; includeInIndex = 0; path = RXPractice.app; sourceTree = BUILT_PRODUCTS_DIR; };
		EB7FB47127F9A3B400675CED /* AppDelegate.swift */ = {isa = PBXFileReference; lastKnownFileType = sourcecode.swift; path = AppDelegate.swift; sourceTree = "<group>"; };
		EB7FB47327F9A3B400675CED /* SceneDelegate.swift */ = {isa = PBXFileReference; lastKnownFileType = sourcecode.swift; path = SceneDelegate.swift; sourceTree = "<group>"; };
		EB7FB47527F9A3B400675CED /* ViewController.swift */ = {isa = PBXFileReference; lastKnownFileType = sourcecode.swift; path = ViewController.swift; sourceTree = "<group>"; };
		EB7FB47827F9A3B400675CED /* Base */ = {isa = PBXFileReference; lastKnownFileType = file.storyboard; name = Base; path = Base.lproj/Main.storyboard; sourceTree = "<group>"; };
		EB7FB47A27F9A3B600675CED /* Assets.xcassets */ = {isa = PBXFileReference; lastKnownFileType = folder.assetcatalog; path = Assets.xcassets; sourceTree = "<group>"; };
		EB7FB47D27F9A3B600675CED /* Base */ = {isa = PBXFileReference; lastKnownFileType = file.storyboard; name = Base; path = Base.lproj/LaunchScreen.storyboard; sourceTree = "<group>"; };
		EB7FB47F27F9A3B600675CED /* Info.plist */ = {isa = PBXFileReference; lastKnownFileType = text.plist.xml; path = Info.plist; sourceTree = "<group>"; };
		EBBAEBC02817189300605E62 /* MergeSwitchLatestVC.swift */ = {isa = PBXFileReference; lastKnownFileType = sourcecode.swift; path = MergeSwitchLatestVC.swift; sourceTree = "<group>"; };
		EBBAEBC32817B5FF00605E62 /* TextFieldTestVC.swift */ = {isa = PBXFileReference; lastKnownFileType = sourcecode.swift; path = TextFieldTestVC.swift; sourceTree = "<group>"; };
		EBBAEBC52817B60900605E62 /* TableViewTestVC.swift */ = {isa = PBXFileReference; lastKnownFileType = sourcecode.swift; path = TableViewTestVC.swift; sourceTree = "<group>"; };
		EBBAEBC72817B61D00605E62 /* CollectionViewTestVC.swift */ = {isa = PBXFileReference; lastKnownFileType = sourcecode.swift; path = CollectionViewTestVC.swift; sourceTree = "<group>"; };
		EBBAEBC92817B66C00605E62 /* ProgressViewTestVC.swift */ = {isa = PBXFileReference; lastKnownFileType = sourcecode.swift; path = ProgressViewTestVC.swift; sourceTree = "<group>"; };
		EBBAEBCB2817B67200605E62 /* ButtonTestVC.swift */ = {isa = PBXFileReference; lastKnownFileType = sourcecode.swift; path = ButtonTestVC.swift; sourceTree = "<group>"; };
/* End PBXFileReference section */

/* Begin PBXFrameworksBuildPhase section */
		EB7FB46B27F9A3B400675CED /* Frameworks */ = {
			isa = PBXFrameworksBuildPhase;
			buildActionMask = 2147483647;
			files = (
				EB7FB4BF27F9AB8100675CED /* RxRelay in Frameworks */,
				EB7FB4BD27F9AB8100675CED /* RxCocoa in Frameworks */,
				EB7FB4C127F9AB8100675CED /* RxSwift in Frameworks */,
				EB7FB4BA27F9AB3B00675CED /* SnapKit in Frameworks */,
			);
			runOnlyForDeploymentPostprocessing = 0;
		};
/* End PBXFrameworksBuildPhase section */

/* Begin PBXGroup section */
		EB7EECEE28AE267400993EEF /* RxMVVM */ = {
			isa = PBXGroup;
			children = (
				EB7EECF128AE269F00993EEF /* SimpleMVVMViewModel.swift */,
				EB7EECF328AE26F100993EEF /* SimpleMVVMVC.swift */,
			);
			path = RxMVVM;
			sourceTree = "<group>";
		};
		EB7FB46527F9A3B400675CED = {
			isa = PBXGroup;
			children = (
				EB0FE3D02802C687005D6DBA /* RxPlayground.playground */,
				EB7FB47027F9A3B400675CED /* RXPractice */,
				EB7FB46F27F9A3B400675CED /* Products */,
			);
			sourceTree = "<group>";
		};
		EB7FB46F27F9A3B400675CED /* Products */ = {
			isa = PBXGroup;
			children = (
				EB7FB46E27F9A3B400675CED /* RXPractice.app */,
			);
			name = Products;
			sourceTree = "<group>";
		};
		EB7FB47027F9A3B400675CED /* RXPractice */ = {
			isa = PBXGroup;
			children = (
				EB7FB47127F9A3B400675CED /* AppDelegate.swift */,
				EB7FB47327F9A3B400675CED /* SceneDelegate.swift */,
				EB7FB47527F9A3B400675CED /* ViewController.swift */,
				EB7EECF528AE27DD00993EEF /* ViewModelType.swift */,
				EB7EECEE28AE267400993EEF /* RxMVVM */,
				EBBAEBC22817B5D500605E62 /* RxCocoaTest */,
				EBBAEBBF2817185300605E62 /* OpeatorTest */,
				EB7FB47727F9A3B400675CED /* Main.storyboard */,
				EB7FB47A27F9A3B600675CED /* Assets.xcassets */,
				EB7FB47C27F9A3B600675CED /* LaunchScreen.storyboard */,
				EB7FB47F27F9A3B600675CED /* Info.plist */,
				EB0FE3D12802C6C4005D6DBA /* supporting.swift */,
			);
			path = RXPractice;
			sourceTree = "<group>";
		};
		EBBAEBBF2817185300605E62 /* OpeatorTest */ = {
			isa = PBXGroup;
			children = (
				EBBAEBC02817189300605E62 /* MergeSwitchLatestVC.swift */,
			);
			path = OpeatorTest;
			sourceTree = "<group>";
		};
		EBBAEBC22817B5D500605E62 /* RxCocoaTest */ = {
			isa = PBXGroup;
			children = (
				EBBAEBC32817B5FF00605E62 /* TextFieldTestVC.swift */,
				EBBAEBC52817B60900605E62 /* TableViewTestVC.swift */,
				EBBAEBC72817B61D00605E62 /* CollectionViewTestVC.swift */,
				EBBAEBC92817B66C00605E62 /* ProgressViewTestVC.swift */,
				EBBAEBCB2817B67200605E62 /* ButtonTestVC.swift */,
			);
			path = RxCocoaTest;
			sourceTree = "<group>";
		};
/* End PBXGroup section */

/* Begin PBXNativeTarget section */
		EB7FB46D27F9A3B400675CED /* RXPractice */ = {
			isa = PBXNativeTarget;
			buildConfigurationList = EB7FB48227F9A3B600675CED /* Build configuration list for PBXNativeTarget "RXPractice" */;
			buildPhases = (
				EB7FB46A27F9A3B400675CED /* Sources */,
				EB7FB46B27F9A3B400675CED /* Frameworks */,
				EB7FB46C27F9A3B400675CED /* Resources */,
			);
			buildRules = (
			);
			dependencies = (
			);
			name = RXPractice;
			packageProductDependencies = (
				EB7FB4B927F9AB3B00675CED /* SnapKit */,
				EB7FB4BC27F9AB8100675CED /* RxCocoa */,
				EB7FB4BE27F9AB8100675CED /* RxRelay */,
				EB7FB4C027F9AB8100675CED /* RxSwift */,
			);
			productName = RXPractice;
			productReference = EB7FB46E27F9A3B400675CED /* RXPractice.app */;
			productType = "com.apple.product-type.application";
		};
/* End PBXNativeTarget section */

/* Begin PBXProject section */
		EB7FB46627F9A3B400675CED /* Project object */ = {
			isa = PBXProject;
			attributes = {
				BuildIndependentTargetsInParallel = 1;
				LastSwiftUpdateCheck = 1330;
				LastUpgradeCheck = 1330;
				TargetAttributes = {
					EB7FB46D27F9A3B400675CED = {
						CreatedOnToolsVersion = 13.3;
					};
				};
			};
			buildConfigurationList = EB7FB46927F9A3B400675CED /* Build configuration list for PBXProject "RXPractice" */;
			compatibilityVersion = "Xcode 13.0";
			developmentRegion = en;
			hasScannedForEncodings = 0;
			knownRegions = (
				en,
				Base,
			);
			mainGroup = EB7FB46527F9A3B400675CED;
			packageReferences = (
				EB7FB4B827F9AB3B00675CED /* XCRemoteSwiftPackageReference "SnapKit" */,
				EB7FB4BB27F9AB8100675CED /* XCRemoteSwiftPackageReference "RxSwift" */,
			);
			productRefGroup = EB7FB46F27F9A3B400675CED /* Products */;
			projectDirPath = "";
			projectRoot = "";
			targets = (
				EB7FB46D27F9A3B400675CED /* RXPractice */,
			);
		};
/* End PBXProject section */

/* Begin PBXResourcesBuildPhase section */
		EB7FB46C27F9A3B400675CED /* Resources */ = {
			isa = PBXResourcesBuildPhase;
			buildActionMask = 2147483647;
			files = (
				EB7FB47E27F9A3B600675CED /* LaunchScreen.storyboard in Resources */,
				EB7FB47B27F9A3B600675CED /* Assets.xcassets in Resources */,
				EB7FB47927F9A3B400675CED /* Main.storyboard in Resources */,
			);
			runOnlyForDeploymentPostprocessing = 0;
		};
/* End PBXResourcesBuildPhase section */

/* Begin PBXSourcesBuildPhase section */
		EB7FB46A27F9A3B400675CED /* Sources */ = {
			isa = PBXSourcesBuildPhase;
			buildActionMask = 2147483647;
			files = (
				EB7FB47627F9A3B400675CED /* ViewController.swift in Sources */,
				EBBAEBC12817189300605E62 /* MergeSwitchLatestVC.swift in Sources */,
				EBBAEBCC2817B67200605E62 /* ButtonTestVC.swift in Sources */,
				EBBAEBC42817B5FF00605E62 /* TextFieldTestVC.swift in Sources */,
				EB7FB47227F9A3B400675CED /* AppDelegate.swift in Sources */,
				EBBAEBC62817B60900605E62 /* TableViewTestVC.swift in Sources */,
				EBBAEBC82817B61D00605E62 /* CollectionViewTestVC.swift in Sources */,
				EB7EECF228AE269F00993EEF /* SimpleMVVMViewModel.swift in Sources */,
				EB0FE3D22802C6C4005D6DBA /* supporting.swift in Sources */,
				EBBAEBCA2817B66C00605E62 /* ProgressViewTestVC.swift in Sources */,
				EB7EECF428AE26F100993EEF /* SimpleMVVMVC.swift in Sources */,
				EB7FB47427F9A3B400675CED /* SceneDelegate.swift in Sources */,
				EB7EECF628AE27DD00993EEF /* ViewModelType.swift in Sources */,
			);
			runOnlyForDeploymentPostprocessing = 0;
		};
/* End PBXSourcesBuildPhase section */

/* Begin PBXVariantGroup section */
		EB7FB47727F9A3B400675CED /* Main.storyboard */ = {
			isa = PBXVariantGroup;
			children = (
				EB7FB47827F9A3B400675CED /* Base */,
			);
			name = Main.storyboard;
			sourceTree = "<group>";
		};
		EB7FB47C27F9A3B600675CED /* LaunchScreen.storyboard */ = {
			isa = PBXVariantGroup;
			children = (
				EB7FB47D27F9A3B600675CED /* Base */,
			);
			name = LaunchScreen.storyboard;
			sourceTree = "<group>";
		};
/* End PBXVariantGroup section */

/* Begin XCBuildConfiguration section */
		EB7FB48027F9A3B600675CED /* Debug */ = {
			isa = XCBuildConfiguration;
			buildSettings = {
				ALWAYS_SEARCH_USER_PATHS = NO;
				CLANG_ANALYZER_NONNULL = YES;
				CLANG_ANALYZER_NUMBER_OBJECT_CONVERSION = YES_AGGRESSIVE;
				CLANG_CXX_LANGUAGE_STANDARD = "gnu++17";
				CLANG_ENABLE_MODULES = YES;
				CLANG_ENABLE_OBJC_ARC = YES;
				CLANG_ENABLE_OBJC_WEAK = YES;
				CLANG_WARN_BLOCK_CAPTURE_AUTORELEASING = YES;
				CLANG_WARN_BOOL_CONVERSION = YES;
				CLANG_WARN_COMMA = YES;
				CLANG_WARN_CONSTANT_CONVERSION = YES;
				CLANG_WARN_DEPRECATED_OBJC_IMPLEMENTATIONS = YES;
				CLANG_WARN_DIRECT_OBJC_ISA_USAGE = YES_ERROR;
				CLANG_WARN_DOCUMENTATION_COMMENTS = YES;
				CLANG_WARN_EMPTY_BODY = YES;
				CLANG_WARN_ENUM_CONVERSION = YES;
				CLANG_WARN_INFINITE_RECURSION = YES;
				CLANG_WARN_INT_CONVERSION = YES;
				CLANG_WARN_NON_LITERAL_NULL_CONVERSION = YES;
				CLANG_WARN_OBJC_IMPLICIT_RETAIN_SELF = YES;
				CLANG_WARN_OBJC_LITERAL_CONVERSION = YES;
				CLANG_WARN_OBJC_ROOT_CLASS = YES_ERROR;
				CLANG_WARN_QUOTED_INCLUDE_IN_FRAMEWORK_HEADER = YES;
				CLANG_WARN_RANGE_LOOP_ANALYSIS = YES;
				CLANG_WARN_STRICT_PROTOTYPES = YES;
				CLANG_WARN_SUSPICIOUS_MOVE = YES;
				CLANG_WARN_UNGUARDED_AVAILABILITY = YES_AGGRESSIVE;
				CLANG_WARN_UNREACHABLE_CODE = YES;
				CLANG_WARN__DUPLICATE_METHOD_MATCH = YES;
				COPY_PHASE_STRIP = NO;
				DEBUG_INFORMATION_FORMAT = dwarf;
				ENABLE_STRICT_OBJC_MSGSEND = YES;
				ENABLE_TESTABILITY = YES;
				GCC_C_LANGUAGE_STANDARD = gnu11;
				GCC_DYNAMIC_NO_PIC = NO;
				GCC_NO_COMMON_BLOCKS = YES;
				GCC_OPTIMIZATION_LEVEL = 0;
				GCC_PREPROCESSOR_DEFINITIONS = (
					"DEBUG=1",
					"$(inherited)",
				);
				GCC_WARN_64_TO_32_BIT_CONVERSION = YES;
				GCC_WARN_ABOUT_RETURN_TYPE = YES_ERROR;
				GCC_WARN_UNDECLARED_SELECTOR = YES;
				GCC_WARN_UNINITIALIZED_AUTOS = YES_AGGRESSIVE;
				GCC_WARN_UNUSED_FUNCTION = YES;
				GCC_WARN_UNUSED_VARIABLE = YES;
				IPHONEOS_DEPLOYMENT_TARGET = 15.4;
				MTL_ENABLE_DEBUG_INFO = INCLUDE_SOURCE;
				MTL_FAST_MATH = YES;
				ONLY_ACTIVE_ARCH = YES;
				SDKROOT = iphoneos;
				SWIFT_ACTIVE_COMPILATION_CONDITIONS = DEBUG;
				SWIFT_OPTIMIZATION_LEVEL = "-Onone";
			};
			name = Debug;
		};
		EB7FB48127F9A3B600675CED /* Release */ = {
			isa = XCBuildConfiguration;
			buildSettings = {
				ALWAYS_SEARCH_USER_PATHS = NO;
				CLANG_ANALYZER_NONNULL = YES;
				CLANG_ANALYZER_NUMBER_OBJECT_CONVERSION = YES_AGGRESSIVE;
				CLANG_CXX_LANGUAGE_STANDARD = "gnu++17";
				CLANG_ENABLE_MODULES = YES;
				CLANG_ENABLE_OBJC_ARC = YES;
				CLANG_ENABLE_OBJC_WEAK = YES;
				CLANG_WARN_BLOCK_CAPTURE_AUTORELEASING = YES;
				CLANG_WARN_BOOL_CONVERSION = YES;
				CLANG_WARN_COMMA = YES;
				CLANG_WARN_CONSTANT_CONVERSION = YES;
				CLANG_WARN_DEPRECATED_OBJC_IMPLEMENTATIONS = YES;
				CLANG_WARN_DIRECT_OBJC_ISA_USAGE = YES_ERROR;
				CLANG_WARN_DOCUMENTATION_COMMENTS = YES;
				CLANG_WARN_EMPTY_BODY = YES;
				CLANG_WARN_ENUM_CONVERSION = YES;
				CLANG_WARN_INFINITE_RECURSION = YES;
				CLANG_WARN_INT_CONVERSION = YES;
				CLANG_WARN_NON_LITERAL_NULL_CONVERSION = YES;
				CLANG_WARN_OBJC_IMPLICIT_RETAIN_SELF = YES;
				CLANG_WARN_OBJC_LITERAL_CONVERSION = YES;
				CLANG_WARN_OBJC_ROOT_CLASS = YES_ERROR;
				CLANG_WARN_QUOTED_INCLUDE_IN_FRAMEWORK_HEADER = YES;
				CLANG_WARN_RANGE_LOOP_ANALYSIS = YES;
				CLANG_WARN_STRICT_PROTOTYPES = YES;
				CLANG_WARN_SUSPICIOUS_MOVE = YES;
				CLANG_WARN_UNGUARDED_AVAILABILITY = YES_AGGRESSIVE;
				CLANG_WARN_UNREACHABLE_CODE = YES;
				CLANG_WARN__DUPLICATE_METHOD_MATCH = YES;
				COPY_PHASE_STRIP = NO;
				DEBUG_INFORMATION_FORMAT = "dwarf-with-dsym";
				ENABLE_NS_ASSERTIONS = NO;
				ENABLE_STRICT_OBJC_MSGSEND = YES;
				GCC_C_LANGUAGE_STANDARD = gnu11;
				GCC_NO_COMMON_BLOCKS = YES;
				GCC_WARN_64_TO_32_BIT_CONVERSION = YES;
				GCC_WARN_ABOUT_RETURN_TYPE = YES_ERROR;
				GCC_WARN_UNDECLARED_SELECTOR = YES;
				GCC_WARN_UNINITIALIZED_AUTOS = YES_AGGRESSIVE;
				GCC_WARN_UNUSED_FUNCTION = YES;
				GCC_WARN_UNUSED_VARIABLE = YES;
				IPHONEOS_DEPLOYMENT_TARGET = 15.4;
				MTL_ENABLE_DEBUG_INFO = NO;
				MTL_FAST_MATH = YES;
				SDKROOT = iphoneos;
				SWIFT_COMPILATION_MODE = wholemodule;
				SWIFT_OPTIMIZATION_LEVEL = "-O";
				VALIDATE_PRODUCT = YES;
			};
			name = Release;
		};
		EB7FB48327F9A3B600675CED /* Debug */ = {
			isa = XCBuildConfiguration;
			buildSettings = {
				ASSETCATALOG_COMPILER_APPICON_NAME = AppIcon;
				ASSETCATALOG_COMPILER_GLOBAL_ACCENT_COLOR_NAME = AccentColor;
				CODE_SIGN_STYLE = Automatic;
				CURRENT_PROJECT_VERSION = 1;
				DEVELOPMENT_TEAM = FY8N9XTH66;
				GENERATE_INFOPLIST_FILE = YES;
				INFOPLIST_FILE = RXPractice/Info.plist;
				INFOPLIST_KEY_UIApplicationSupportsIndirectInputEvents = YES;
				INFOPLIST_KEY_UILaunchStoryboardName = LaunchScreen;
				INFOPLIST_KEY_UIMainStoryboardFile = Main;
				INFOPLIST_KEY_UISupportedInterfaceOrientations_iPad = "UIInterfaceOrientationPortrait UIInterfaceOrientationPortraitUpsideDown UIInterfaceOrientationLandscapeLeft UIInterfaceOrientationLandscapeRight";
				INFOPLIST_KEY_UISupportedInterfaceOrientations_iPhone = "UIInterfaceOrientationPortrait UIInterfaceOrientationLandscapeLeft UIInterfaceOrientationLandscapeRight";
				LD_RUNPATH_SEARCH_PATHS = (
					"$(inherited)",
					"@executable_path/Frameworks",
				);
				MARKETING_VERSION = 1.0;
				PRODUCT_BUNDLE_IDENTIFIER = com.seolagir.RXPractice;
				PRODUCT_NAME = "$(TARGET_NAME)";
				SWIFT_EMIT_LOC_STRINGS = YES;
				SWIFT_VERSION = 5.0;
				TARGETED_DEVICE_FAMILY = "1,2";
			};
			name = Debug;
		};
		EB7FB48427F9A3B600675CED /* Release */ = {
			isa = XCBuildConfiguration;
			buildSettings = {
				ASSETCATALOG_COMPILER_APPICON_NAME = AppIcon;
				ASSETCATALOG_COMPILER_GLOBAL_ACCENT_COLOR_NAME = AccentColor;
				CODE_SIGN_STYLE = Automatic;
				CURRENT_PROJECT_VERSION = 1;
				DEVELOPMENT_TEAM = FY8N9XTH66;
				GENERATE_INFOPLIST_FILE = YES;
				INFOPLIST_FILE = RXPractice/Info.plist;
				INFOPLIST_KEY_UIApplicationSupportsIndirectInputEvents = YES;
				INFOPLIST_KEY_UILaunchStoryboardName = LaunchScreen;
				INFOPLIST_KEY_UIMainStoryboardFile = Main;
				INFOPLIST_KEY_UISupportedInterfaceOrientations_iPad = "UIInterfaceOrientationPortrait UIInterfaceOrientationPortraitUpsideDown UIInterfaceOrientationLandscapeLeft UIInterfaceOrientationLandscapeRight";
				INFOPLIST_KEY_UISupportedInterfaceOrientations_iPhone = "UIInterfaceOrientationPortrait UIInterfaceOrientationLandscapeLeft UIInterfaceOrientationLandscapeRight";
				LD_RUNPATH_SEARCH_PATHS = (
					"$(inherited)",
					"@executable_path/Frameworks",
				);
				MARKETING_VERSION = 1.0;
				PRODUCT_BUNDLE_IDENTIFIER = com.seolagir.RXPractice;
				PRODUCT_NAME = "$(TARGET_NAME)";
				SWIFT_EMIT_LOC_STRINGS = YES;
				SWIFT_VERSION = 5.0;
				TARGETED_DEVICE_FAMILY = "1,2";
			};
			name = Release;
		};
/* End XCBuildConfiguration section */

/* Begin XCConfigurationList section */
		EB7FB46927F9A3B400675CED /* Build configuration list for PBXProject "RXPractice" */ = {
			isa = XCConfigurationList;
			buildConfigurations = (
				EB7FB48027F9A3B600675CED /* Debug */,
				EB7FB48127F9A3B600675CED /* Release */,
			);
			defaultConfigurationIsVisible = 0;
			defaultConfigurationName = Release;
		};
		EB7FB48227F9A3B600675CED /* Build configuration list for PBXNativeTarget "RXPractice" */ = {
			isa = XCConfigurationList;
			buildConfigurations = (
				EB7FB48327F9A3B600675CED /* Debug */,
				EB7FB48427F9A3B600675CED /* Release */,
			);
			defaultConfigurationIsVisible = 0;
			defaultConfigurationName = Release;
		};
/* End XCConfigurationList section */

/* Begin XCRemoteSwiftPackageReference section */
		EB7FB4B827F9AB3B00675CED /* XCRemoteSwiftPackageReference "SnapKit" */ = {
			isa = XCRemoteSwiftPackageReference;
			repositoryURL = "https://github.com/SnapKit/SnapKit.git";
			requirement = {
				kind = upToNextMajorVersion;
				minimumVersion = 5.0.0;
			};
		};
		EB7FB4BB27F9AB8100675CED /* XCRemoteSwiftPackageReference "RxSwift" */ = {
			isa = XCRemoteSwiftPackageReference;
			repositoryURL = "https://github.com/ReactiveX/RxSwift.git";
			requirement = {
				branch = main;
				kind = branch;
			};
		};
/* End XCRemoteSwiftPackageReference section */

/* Begin XCSwiftPackageProductDependency section */
		EB7FB4B927F9AB3B00675CED /* SnapKit */ = {
			isa = XCSwiftPackageProductDependency;
			package = EB7FB4B827F9AB3B00675CED /* XCRemoteSwiftPackageReference "SnapKit" */;
			productName = SnapKit;
		};
		EB7FB4BC27F9AB8100675CED /* RxCocoa */ = {
			isa = XCSwiftPackageProductDependency;
			package = EB7FB4BB27F9AB8100675CED /* XCRemoteSwiftPackageReference "RxSwift" */;
			productName = RxCocoa;
		};
		EB7FB4BE27F9AB8100675CED /* RxRelay */ = {
			isa = XCSwiftPackageProductDependency;
			package = EB7FB4BB27F9AB8100675CED /* XCRemoteSwiftPackageReference "RxSwift" */;
			productName = RxRelay;
		};
		EB7FB4C027F9AB8100675CED /* RxSwift */ = {
			isa = XCSwiftPackageProductDependency;
			package = EB7FB4BB27F9AB8100675CED /* XCRemoteSwiftPackageReference "RxSwift" */;
			productName = RxSwift;
		};
/* End XCSwiftPackageProductDependency section */
	};
	rootObject = EB7FB46627F9A3B400675CED /* Project object */;
}
