// !$*UTF8*$!
{
	archiveVersion = 1;
	classes = {
	};
	objectVersion = 55;
	objects = {

/* Begin PBXBuildFile section */
		EBC07DCC28221DE7002C3501 /* AppDelegate.swift in Sources */ = {isa = PBXBuildFile; fileRef = EBC07DCB28221DE7002C3501 /* AppDelegate.swift */; };
		EBC07DCE28221DE7002C3501 /* SceneDelegate.swift in Sources */ = {isa = PBXBuildFile; fileRef = EBC07DCD28221DE7002C3501 /* SceneDelegate.swift */; };
		EBC07DD028221DE7002C3501 /* ViewController.swift in Sources */ = {isa = PBXBuildFile; fileRef = EBC07DCF28221DE7002C3501 /* ViewController.swift */; };
		EBC07DD328221DE7002C3501 /* Main.storyboard in Resources */ = {isa = PBXBuildFile; fileRef = EBC07DD128221DE7002C3501 /* Main.storyboard */; };
		EBC07DD528221DE9002C3501 /* Assets.xcassets in Resources */ = {isa = PBXBuildFile; fileRef = EBC07DD428221DE9002C3501 /* Assets.xcassets */; };
		EBC07DD828221DE9002C3501 /* LaunchScreen.storyboard in Resources */ = {isa = PBXBuildFile; fileRef = EBC07DD628221DE9002C3501 /* LaunchScreen.storyboard */; };
		EBC07DE128221DFF002C3501 /* SnapKit in Frameworks */ = {isa = PBXBuildFile; productRef = EBC07DE028221DFF002C3501 /* SnapKit */; };
		EBC07DE428221E14002C3501 /* RxCocoa in Frameworks */ = {isa = PBXBuildFile; productRef = EBC07DE328221E14002C3501 /* RxCocoa */; };
		EBC07DE628221E14002C3501 /* RxRelay in Frameworks */ = {isa = PBXBuildFile; productRef = EBC07DE528221E14002C3501 /* RxRelay */; };
		EBC07DE828221E14002C3501 /* RxSwift in Frameworks */ = {isa = PBXBuildFile; productRef = EBC07DE728221E14002C3501 /* RxSwift */; };
		EBC07DEC282250F3002C3501 /* MainViewController.swift in Sources */ = {isa = PBXBuildFile; fileRef = EBC07DEB282250F3002C3501 /* MainViewController.swift */; };
		EBC07DF028226088002C3501 /* MainTVC.swift in Sources */ = {isa = PBXBuildFile; fileRef = EBC07DEF28226088002C3501 /* MainTVC.swift */; };
		EBC07DF2282260A9002C3501 /* Models.swift in Sources */ = {isa = PBXBuildFile; fileRef = EBC07DF1282260A9002C3501 /* Models.swift */; };
/* End PBXBuildFile section */

/* Begin PBXFileReference section */
		EBC07DC828221DE7002C3501 /* RxTableView.app */ = {isa = PBXFileReference; explicitFileType = wrapper.application; includeInIndex = 0; path = RxTableView.app; sourceTree = BUILT_PRODUCTS_DIR; };
		EBC07DCB28221DE7002C3501 /* AppDelegate.swift */ = {isa = PBXFileReference; lastKnownFileType = sourcecode.swift; path = AppDelegate.swift; sourceTree = "<group>"; };
		EBC07DCD28221DE7002C3501 /* SceneDelegate.swift */ = {isa = PBXFileReference; lastKnownFileType = sourcecode.swift; path = SceneDelegate.swift; sourceTree = "<group>"; };
		EBC07DCF28221DE7002C3501 /* ViewController.swift */ = {isa = PBXFileReference; lastKnownFileType = sourcecode.swift; path = ViewController.swift; sourceTree = "<group>"; };
		EBC07DD228221DE7002C3501 /* Base */ = {isa = PBXFileReference; lastKnownFileType = file.storyboard; name = Base; path = Base.lproj/Main.storyboard; sourceTree = "<group>"; };
		EBC07DD428221DE9002C3501 /* Assets.xcassets */ = {isa = PBXFileReference; lastKnownFileType = folder.assetcatalog; path = Assets.xcassets; sourceTree = "<group>"; };
		EBC07DD728221DE9002C3501 /* Base */ = {isa = PBXFileReference; lastKnownFileType = file.storyboard; name = Base; path = Base.lproj/LaunchScreen.storyboard; sourceTree = "<group>"; };
		EBC07DD928221DE9002C3501 /* Info.plist */ = {isa = PBXFileReference; lastKnownFileType = text.plist.xml; path = Info.plist; sourceTree = "<group>"; };
		EBC07DEB282250F3002C3501 /* MainViewController.swift */ = {isa = PBXFileReference; lastKnownFileType = sourcecode.swift; path = MainViewController.swift; sourceTree = "<group>"; };
		EBC07DEF28226088002C3501 /* MainTVC.swift */ = {isa = PBXFileReference; lastKnownFileType = sourcecode.swift; path = MainTVC.swift; sourceTree = "<group>"; };
		EBC07DF1282260A9002C3501 /* Models.swift */ = {isa = PBXFileReference; lastKnownFileType = sourcecode.swift; path = Models.swift; sourceTree = "<group>"; };
/* End PBXFileReference section */

/* Begin PBXFrameworksBuildPhase section */
		EBC07DC528221DE7002C3501 /* Frameworks */ = {
			isa = PBXFrameworksBuildPhase;
			buildActionMask = 2147483647;
			files = (
				EBC07DE628221E14002C3501 /* RxRelay in Frameworks */,
				EBC07DE428221E14002C3501 /* RxCocoa in Frameworks */,
				EBC07DE828221E14002C3501 /* RxSwift in Frameworks */,
				EBC07DE128221DFF002C3501 /* SnapKit in Frameworks */,
			);
			runOnlyForDeploymentPostprocessing = 0;
		};
/* End PBXFrameworksBuildPhase section */

/* Begin PBXGroup section */
		EBC07DBF28221DE7002C3501 = {
			isa = PBXGroup;
			children = (
				EBC07DCA28221DE7002C3501 /* RxTableView */,
				EBC07DC928221DE7002C3501 /* Products */,
			);
			sourceTree = "<group>";
		};
		EBC07DC928221DE7002C3501 /* Products */ = {
			isa = PBXGroup;
			children = (
				EBC07DC828221DE7002C3501 /* RxTableView.app */,
			);
			name = Products;
			sourceTree = "<group>";
		};
		EBC07DCA28221DE7002C3501 /* RxTableView */ = {
			isa = PBXGroup;
			children = (
				EBC07DCB28221DE7002C3501 /* AppDelegate.swift */,
				EBC07DCD28221DE7002C3501 /* SceneDelegate.swift */,
				EBC07DCF28221DE7002C3501 /* ViewController.swift */,
				EBC07DED28226027002C3501 /* Model */,
				EBC07DE9282250DE002C3501 /* View */,
				EBC07DD128221DE7002C3501 /* Main.storyboard */,
				EBC07DD428221DE9002C3501 /* Assets.xcassets */,
				EBC07DD628221DE9002C3501 /* LaunchScreen.storyboard */,
				EBC07DD928221DE9002C3501 /* Info.plist */,
			);
			path = RxTableView;
			sourceTree = "<group>";
		};
		EBC07DE9282250DE002C3501 /* View */ = {
			isa = PBXGroup;
			children = (
				EBC07DEE28226059002C3501 /* MainView */,
			);
			path = View;
			sourceTree = "<group>";
		};
		EBC07DED28226027002C3501 /* Model */ = {
			isa = PBXGroup;
			children = (
				EBC07DF1282260A9002C3501 /* Models.swift */,
			);
			path = Model;
			sourceTree = "<group>";
		};
		EBC07DEE28226059002C3501 /* MainView */ = {
			isa = PBXGroup;
			children = (
				EBC07DEB282250F3002C3501 /* MainViewController.swift */,
				EBC07DEF28226088002C3501 /* MainTVC.swift */,
			);
			path = MainView;
			sourceTree = "<group>";
		};
/* End PBXGroup section */

/* Begin PBXNativeTarget section */
		EBC07DC728221DE7002C3501 /* RxTableView */ = {
			isa = PBXNativeTarget;
			buildConfigurationList = EBC07DDC28221DE9002C3501 /* Build configuration list for PBXNativeTarget "RxTableView" */;
			buildPhases = (
				EBC07DC428221DE7002C3501 /* Sources */,
				EBC07DC528221DE7002C3501 /* Frameworks */,
				EBC07DC628221DE7002C3501 /* Resources */,
			);
			buildRules = (
			);
			dependencies = (
			);
			name = RxTableView;
			packageProductDependencies = (
				EBC07DE028221DFF002C3501 /* SnapKit */,
				EBC07DE328221E14002C3501 /* RxCocoa */,
				EBC07DE528221E14002C3501 /* RxRelay */,
				EBC07DE728221E14002C3501 /* RxSwift */,
			);
			productName = RxTableView;
			productReference = EBC07DC828221DE7002C3501 /* RxTableView.app */;
			productType = "com.apple.product-type.application";
		};
/* End PBXNativeTarget section */

/* Begin PBXProject section */
		EBC07DC028221DE7002C3501 /* Project object */ = {
			isa = PBXProject;
			attributes = {
				BuildIndependentTargetsInParallel = 1;
				LastSwiftUpdateCheck = 1330;
				LastUpgradeCheck = 1330;
				TargetAttributes = {
					EBC07DC728221DE7002C3501 = {
						CreatedOnToolsVersion = 13.3;
					};
				};
			};
			buildConfigurationList = EBC07DC328221DE7002C3501 /* Build configuration list for PBXProject "RxTableView" */;
			compatibilityVersion = "Xcode 13.0";
			developmentRegion = en;
			hasScannedForEncodings = 0;
			knownRegions = (
				en,
				Base,
			);
			mainGroup = EBC07DBF28221DE7002C3501;
			packageReferences = (
				EBC07DDF28221DFF002C3501 /* XCRemoteSwiftPackageReference "SnapKit" */,
				EBC07DE228221E14002C3501 /* XCRemoteSwiftPackageReference "RxSwift" */,
			);
			productRefGroup = EBC07DC928221DE7002C3501 /* Products */;
			projectDirPath = "";
			projectRoot = "";
			targets = (
				EBC07DC728221DE7002C3501 /* RxTableView */,
			);
		};
/* End PBXProject section */

/* Begin PBXResourcesBuildPhase section */
		EBC07DC628221DE7002C3501 /* Resources */ = {
			isa = PBXResourcesBuildPhase;
			buildActionMask = 2147483647;
			files = (
				EBC07DD828221DE9002C3501 /* LaunchScreen.storyboard in Resources */,
				EBC07DD528221DE9002C3501 /* Assets.xcassets in Resources */,
				EBC07DD328221DE7002C3501 /* Main.storyboard in Resources */,
			);
			runOnlyForDeploymentPostprocessing = 0;
		};
/* End PBXResourcesBuildPhase section */

/* Begin PBXSourcesBuildPhase section */
		EBC07DC428221DE7002C3501 /* Sources */ = {
			isa = PBXSourcesBuildPhase;
			buildActionMask = 2147483647;
			files = (
				EBC07DF028226088002C3501 /* MainTVC.swift in Sources */,
				EBC07DD028221DE7002C3501 /* ViewController.swift in Sources */,
				EBC07DCC28221DE7002C3501 /* AppDelegate.swift in Sources */,
				EBC07DF2282260A9002C3501 /* Models.swift in Sources */,
				EBC07DCE28221DE7002C3501 /* SceneDelegate.swift in Sources */,
				EBC07DEC282250F3002C3501 /* MainViewController.swift in Sources */,
			);
			runOnlyForDeploymentPostprocessing = 0;
		};
/* End PBXSourcesBuildPhase section */

/* Begin PBXVariantGroup section */
		EBC07DD128221DE7002C3501 /* Main.storyboard */ = {
			isa = PBXVariantGroup;
			children = (
				EBC07DD228221DE7002C3501 /* Base */,
			);
			name = Main.storyboard;
			sourceTree = "<group>";
		};
		EBC07DD628221DE9002C3501 /* LaunchScreen.storyboard */ = {
			isa = PBXVariantGroup;
			children = (
				EBC07DD728221DE9002C3501 /* Base */,
			);
			name = LaunchScreen.storyboard;
			sourceTree = "<group>";
		};
/* End PBXVariantGroup section */

/* Begin XCBuildConfiguration section */
		EBC07DDA28221DE9002C3501 /* Debug */ = {
			isa = XCBuildConfiguration;
			buildSettings = {
				ALWAYS_SEARCH_USER_PATHS = NO;
				CLANG_ANALYZER_NONNULL = YES;
				CLANG_ANALYZER_NUMBER_OBJECT_CONVERSION = YES_AGGRESSIVE;
				CLANG_CXX_LANGUAGE_STANDARD = "gnu++17";
				CLANG_ENABLE_MODULES = YES;
				CLANG_ENABLE_OBJC_ARC = YES;
				CLANG_ENABLE_OBJC_WEAK = YES;
				CLANG_WARN_BLOCK_CAPTURE_AUTORELEASING = YES;
				CLANG_WARN_BOOL_CONVERSION = YES;
				CLANG_WARN_COMMA = YES;
				CLANG_WARN_CONSTANT_CONVERSION = YES;
				CLANG_WARN_DEPRECATED_OBJC_IMPLEMENTATIONS = YES;
				CLANG_WARN_DIRECT_OBJC_ISA_USAGE = YES_ERROR;
				CLANG_WARN_DOCUMENTATION_COMMENTS = YES;
				CLANG_WARN_EMPTY_BODY = YES;
				CLANG_WARN_ENUM_CONVERSION = YES;
				CLANG_WARN_INFINITE_RECURSION = YES;
				CLANG_WARN_INT_CONVERSION = YES;
				CLANG_WARN_NON_LITERAL_NULL_CONVERSION = YES;
				CLANG_WARN_OBJC_IMPLICIT_RETAIN_SELF = YES;
				CLANG_WARN_OBJC_LITERAL_CONVERSION = YES;
				CLANG_WARN_OBJC_ROOT_CLASS = YES_ERROR;
				CLANG_WARN_QUOTED_INCLUDE_IN_FRAMEWORK_HEADER = YES;
				CLANG_WARN_RANGE_LOOP_ANALYSIS = YES;
				CLANG_WARN_STRICT_PROTOTYPES = YES;
				CLANG_WARN_SUSPICIOUS_MOVE = YES;
				CLANG_WARN_UNGUARDED_AVAILABILITY = YES_AGGRESSIVE;
				CLANG_WARN_UNREACHABLE_CODE = YES;
				CLANG_WARN__DUPLICATE_METHOD_MATCH = YES;
				COPY_PHASE_STRIP = NO;
				DEBUG_INFORMATION_FORMAT = dwarf;
				ENABLE_STRICT_OBJC_MSGSEND = YES;
				ENABLE_TESTABILITY = YES;
				GCC_C_LANGUAGE_STANDARD = gnu11;
				GCC_DYNAMIC_NO_PIC = NO;
				GCC_NO_COMMON_BLOCKS = YES;
				GCC_OPTIMIZATION_LEVEL = 0;
				GCC_PREPROCESSOR_DEFINITIONS = (
					"DEBUG=1",
					"$(inherited)",
				);
				GCC_WARN_64_TO_32_BIT_CONVERSION = YES;
				GCC_WARN_ABOUT_RETURN_TYPE = YES_ERROR;
				GCC_WARN_UNDECLARED_SELECTOR = YES;
				GCC_WARN_UNINITIALIZED_AUTOS = YES_AGGRESSIVE;
				GCC_WARN_UNUSED_FUNCTION = YES;
				GCC_WARN_UNUSED_VARIABLE = YES;
				IPHONEOS_DEPLOYMENT_TARGET = 15.4;
				MTL_ENABLE_DEBUG_INFO = INCLUDE_SOURCE;
				MTL_FAST_MATH = YES;
				ONLY_ACTIVE_ARCH = YES;
				SDKROOT = iphoneos;
				SWIFT_ACTIVE_COMPILATION_CONDITIONS = DEBUG;
				SWIFT_OPTIMIZATION_LEVEL = "-Onone";
			};
			name = Debug;
		};
		EBC07DDB28221DE9002C3501 /* Release */ = {
			isa = XCBuildConfiguration;
			buildSettings = {
				ALWAYS_SEARCH_USER_PATHS = NO;
				CLANG_ANALYZER_NONNULL = YES;
				CLANG_ANALYZER_NUMBER_OBJECT_CONVERSION = YES_AGGRESSIVE;
				CLANG_CXX_LANGUAGE_STANDARD = "gnu++17";
				CLANG_ENABLE_MODULES = YES;
				CLANG_ENABLE_OBJC_ARC = YES;
				CLANG_ENABLE_OBJC_WEAK = YES;
				CLANG_WARN_BLOCK_CAPTURE_AUTORELEASING = YES;
				CLANG_WARN_BOOL_CONVERSION = YES;
				CLANG_WARN_COMMA = YES;
				CLANG_WARN_CONSTANT_CONVERSION = YES;
				CLANG_WARN_DEPRECATED_OBJC_IMPLEMENTATIONS = YES;
				CLANG_WARN_DIRECT_OBJC_ISA_USAGE = YES_ERROR;
				CLANG_WARN_DOCUMENTATION_COMMENTS = YES;
				CLANG_WARN_EMPTY_BODY = YES;
				CLANG_WARN_ENUM_CONVERSION = YES;
				CLANG_WARN_INFINITE_RECURSION = YES;
				CLANG_WARN_INT_CONVERSION = YES;
				CLANG_WARN_NON_LITERAL_NULL_CONVERSION = YES;
				CLANG_WARN_OBJC_IMPLICIT_RETAIN_SELF = YES;
				CLANG_WARN_OBJC_LITERAL_CONVERSION = YES;
				CLANG_WARN_OBJC_ROOT_CLASS = YES_ERROR;
				CLANG_WARN_QUOTED_INCLUDE_IN_FRAMEWORK_HEADER = YES;
				CLANG_WARN_RANGE_LOOP_ANALYSIS = YES;
				CLANG_WARN_STRICT_PROTOTYPES = YES;
				CLANG_WARN_SUSPICIOUS_MOVE = YES;
				CLANG_WARN_UNGUARDED_AVAILABILITY = YES_AGGRESSIVE;
				CLANG_WARN_UNREACHABLE_CODE = YES;
				CLANG_WARN__DUPLICATE_METHOD_MATCH = YES;
				COPY_PHASE_STRIP = NO;
				DEBUG_INFORMATION_FORMAT = "dwarf-with-dsym";
				ENABLE_NS_ASSERTIONS = NO;
				ENABLE_STRICT_OBJC_MSGSEND = YES;
				GCC_C_LANGUAGE_STANDARD = gnu11;
				GCC_NO_COMMON_BLOCKS = YES;
				GCC_WARN_64_TO_32_BIT_CONVERSION = YES;
				GCC_WARN_ABOUT_RETURN_TYPE = YES_ERROR;
				GCC_WARN_UNDECLARED_SELECTOR = YES;
				GCC_WARN_UNINITIALIZED_AUTOS = YES_AGGRESSIVE;
				GCC_WARN_UNUSED_FUNCTION = YES;
				GCC_WARN_UNUSED_VARIABLE = YES;
				IPHONEOS_DEPLOYMENT_TARGET = 15.4;
				MTL_ENABLE_DEBUG_INFO = NO;
				MTL_FAST_MATH = YES;
				SDKROOT = iphoneos;
				SWIFT_COMPILATION_MODE = wholemodule;
				SWIFT_OPTIMIZATION_LEVEL = "-O";
				VALIDATE_PRODUCT = YES;
			};
			name = Release;
		};
		EBC07DDD28221DE9002C3501 /* Debug */ = {
			isa = XCBuildConfiguration;
			buildSettings = {
				ASSETCATALOG_COMPILER_APPICON_NAME = AppIcon;
				ASSETCATALOG_COMPILER_GLOBAL_ACCENT_COLOR_NAME = AccentColor;
				CODE_SIGN_STYLE = Automatic;
				CURRENT_PROJECT_VERSION = 1;
				DEVELOPMENT_TEAM = FY8N9XTH66;
				GENERATE_INFOPLIST_FILE = YES;
				INFOPLIST_FILE = RxTableView/Info.plist;
				INFOPLIST_KEY_UIApplicationSupportsIndirectInputEvents = YES;
				INFOPLIST_KEY_UILaunchStoryboardName = LaunchScreen;
				INFOPLIST_KEY_UIMainStoryboardFile = Main;
				INFOPLIST_KEY_UISupportedInterfaceOrientations_iPad = "UIInterfaceOrientationPortrait UIInterfaceOrientationPortraitUpsideDown UIInterfaceOrientationLandscapeLeft UIInterfaceOrientationLandscapeRight";
				INFOPLIST_KEY_UISupportedInterfaceOrientations_iPhone = "UIInterfaceOrientationPortrait UIInterfaceOrientationLandscapeLeft UIInterfaceOrientationLandscapeRight";
				LD_RUNPATH_SEARCH_PATHS = (
					"$(inherited)",
					"@executable_path/Frameworks",
				);
				MARKETING_VERSION = 1.0;
				PRODUCT_BUNDLE_IDENTIFIER = com.seolagir.RxTableView;
				PRODUCT_NAME = "$(TARGET_NAME)";
				SWIFT_EMIT_LOC_STRINGS = YES;
				SWIFT_VERSION = 5.0;
				TARGETED_DEVICE_FAMILY = "1,2";
			};
			name = Debug;
		};
		EBC07DDE28221DE9002C3501 /* Release */ = {
			isa = XCBuildConfiguration;
			buildSettings = {
				ASSETCATALOG_COMPILER_APPICON_NAME = AppIcon;
				ASSETCATALOG_COMPILER_GLOBAL_ACCENT_COLOR_NAME = AccentColor;
				CODE_SIGN_STYLE = Automatic;
				CURRENT_PROJECT_VERSION = 1;
				DEVELOPMENT_TEAM = FY8N9XTH66;
				GENERATE_INFOPLIST_FILE = YES;
				INFOPLIST_FILE = RxTableView/Info.plist;
				INFOPLIST_KEY_UIApplicationSupportsIndirectInputEvents = YES;
				INFOPLIST_KEY_UILaunchStoryboardName = LaunchScreen;
				INFOPLIST_KEY_UIMainStoryboardFile = Main;
				INFOPLIST_KEY_UISupportedInterfaceOrientations_iPad = "UIInterfaceOrientationPortrait UIInterfaceOrientationPortraitUpsideDown UIInterfaceOrientationLandscapeLeft UIInterfaceOrientationLandscapeRight";
				INFOPLIST_KEY_UISupportedInterfaceOrientations_iPhone = "UIInterfaceOrientationPortrait UIInterfaceOrientationLandscapeLeft UIInterfaceOrientationLandscapeRight";
				LD_RUNPATH_SEARCH_PATHS = (
					"$(inherited)",
					"@executable_path/Frameworks",
				);
				MARKETING_VERSION = 1.0;
				PRODUCT_BUNDLE_IDENTIFIER = com.seolagir.RxTableView;
				PRODUCT_NAME = "$(TARGET_NAME)";
				SWIFT_EMIT_LOC_STRINGS = YES;
				SWIFT_VERSION = 5.0;
				TARGETED_DEVICE_FAMILY = "1,2";
			};
			name = Release;
		};
/* End XCBuildConfiguration section */

/* Begin XCConfigurationList section */
		EBC07DC328221DE7002C3501 /* Build configuration list for PBXProject "RxTableView" */ = {
			isa = XCConfigurationList;
			buildConfigurations = (
				EBC07DDA28221DE9002C3501 /* Debug */,
				EBC07DDB28221DE9002C3501 /* Release */,
			);
			defaultConfigurationIsVisible = 0;
			defaultConfigurationName = Release;
		};
		EBC07DDC28221DE9002C3501 /* Build configuration list for PBXNativeTarget "RxTableView" */ = {
			isa = XCConfigurationList;
			buildConfigurations = (
				EBC07DDD28221DE9002C3501 /* Debug */,
				EBC07DDE28221DE9002C3501 /* Release */,
			);
			defaultConfigurationIsVisible = 0;
			defaultConfigurationName = Release;
		};
/* End XCConfigurationList section */

/* Begin XCRemoteSwiftPackageReference section */
		EBC07DDF28221DFF002C3501 /* XCRemoteSwiftPackageReference "SnapKit" */ = {
			isa = XCRemoteSwiftPackageReference;
			repositoryURL = "https://github.com/SnapKit/SnapKit.git";
			requirement = {
				branch = develop;
				kind = branch;
			};
		};
		EBC07DE228221E14002C3501 /* XCRemoteSwiftPackageReference "RxSwift" */ = {
			isa = XCRemoteSwiftPackageReference;
			repositoryURL = "https://github.com/ReactiveX/RxSwift.git";
			requirement = {
				branch = main;
				kind = branch;
			};
		};
/* End XCRemoteSwiftPackageReference section */

/* Begin XCSwiftPackageProductDependency section */
		EBC07DE028221DFF002C3501 /* SnapKit */ = {
			isa = XCSwiftPackageProductDependency;
			package = EBC07DDF28221DFF002C3501 /* XCRemoteSwiftPackageReference "SnapKit" */;
			productName = SnapKit;
		};
		EBC07DE328221E14002C3501 /* RxCocoa */ = {
			isa = XCSwiftPackageProductDependency;
			package = EBC07DE228221E14002C3501 /* XCRemoteSwiftPackageReference "RxSwift" */;
			productName = RxCocoa;
		};
		EBC07DE528221E14002C3501 /* RxRelay */ = {
			isa = XCSwiftPackageProductDependency;
			package = EBC07DE228221E14002C3501 /* XCRemoteSwiftPackageReference "RxSwift" */;
			productName = RxRelay;
		};
		EBC07DE728221E14002C3501 /* RxSwift */ = {
			isa = XCSwiftPackageProductDependency;
			package = EBC07DE228221E14002C3501 /* XCRemoteSwiftPackageReference "RxSwift" */;
			productName = RxSwift;
		};
/* End XCSwiftPackageProductDependency section */
	};
	rootObject = EBC07DC028221DE7002C3501 /* Project object */;
}
